
Microsoft Visual Studio Solution File, Format Version 12.00
# Visual Studio 14
VisualStudioVersion = 14.0.24720.0
MinimumVisualStudioVersion = 10.0.40219.1
Project("{FAE04EC0-301F-11D3-BF4B-00C04F79EFBC}") = "BlogSamples", "BlogSamples\BlogSamples.csproj", "{7975E546-0287-4BFB-BD7A-6DE466EA2A54}"
EndProject
Project("{FAE04EC0-301F-11D3-BF4B-00C04F79EFBC}") = "BlogSamples.NUnit", "BlogSamples.NUnit\BlogSamples.NUnit.csproj", "{A876F60D-8AA7-4482-A4CA-A7D1054ECA57}"
EndProject
Global
	GlobalSection(SolutionConfigurationPlatforms) = preSolution
		Debug|Any CPU = Debug|Any CPU
		Release|Any CPU = Release|Any CPU
	EndGlobalSection
	GlobalSection(ProjectConfigurationPlatforms) = postSolution
		{7975E546-0287-4BFB-BD7A-6DE466EA2A54}.Debug|Any CPU.ActiveCfg = Debug|Any CPU
		{7975E546-0287-4BFB-BD7A-6DE466EA2A54}.Debug|Any CPU.Build.0 = Debug|Any CPU
		{7975E546-0287-4BFB-BD7A-6DE466EA2A54}.Release|Any CPU.ActiveCfg = Release|Any CPU
		{7975E546-0287-4BFB-BD7A-6DE466EA2A54}.Release|Any CPU.Build.0 = Release|Any CPU
		{A876F60D-8AA7-4482-A4CA-A7D1054ECA57}.Debug|Any CPU.ActiveCfg = Debug|Any CPU
		{A876F60D-8AA7-4482-A4CA-A7D1054ECA57}.Debug|Any CPU.Build.0 = Debug|Any CPU
		{A876F60D-8AA7-4482-A4CA-A7D1054ECA57}.Release|Any CPU.ActiveCfg = Release|Any CPU
		{A876F60D-8AA7-4482-A4CA-A7D1054ECA57}.Release|Any CPU.Build.0 = Release|Any CPU
	EndGlobalSection
	GlobalSection(SolutionProperties) = preSolution
		HideSolutionNode = FALSE
	EndGlobalSection
EndGlobal
